{
  "pins" : [
    {
      "identity" : "swifterswift",
      "kind" : "remoteSourceControl",
      "location" : "https://github.com/SwifterSwift/SwifterSwift.git",
      "state" : {
        "revision" : "1eab3444fa06a344a35e79540719df956ab4d4ad",
        "version" : "6.0.0"
      }
    }
  ],
  "version" : 2
}
